
Microsoft Visual Studio Solution File, Format Version 12.00
# Visual Studio Version 17
VisualStudioVersion = 17.1.31911.260
MinimumVisualStudioVersion = 10.0.40219.1
Project("{FAE04EC0-301F-11D3-BF4B-00C04F79EFBC}") = "OnlineCarRental", "OnlineCarRental\OnlineCarRental.csproj", "{2286A46B-A180-49C2-9178-6BA94BCA2499}"
EndProject
Global
	GlobalSection(SolutionConfigurationPlatforms) = preSolution
		Debug|Any CPU = Debug|Any CPU
		Release|Any CPU = Release|Any CPU
	EndGlobalSection
	GlobalSection(ProjectConfigurationPlatforms) = postSolution
		{2286A46B-A180-49C2-9178-6BA94BCA2499}.Debug|Any CPU.ActiveCfg = Debug|Any CPU
		{2286A46B-A180-49C2-9178-6BA94BCA2499}.Debug|Any CPU.Build.0 = Debug|Any CPU
		{2286A46B-A180-49C2-9178-6BA94BCA2499}.Release|Any CPU.ActiveCfg = Release|Any CPU
		{2286A46B-A180-49C2-9178-6BA94BCA2499}.Release|Any CPU.Build.0 = Release|Any CPU
	EndGlobalSection
	GlobalSection(SolutionProperties) = preSolution
		HideSolutionNode = FALSE
	EndGlobalSection
	GlobalSection(ExtensibilityGlobals) = postSolution
		SolutionGuid = {0EE88DF1-8F52-4576-B523-64E4BC2E6F91}
	EndGlobalSection
EndGlobal
